<?xml version="1.0" encoding="utf-8"?>
<Project ToolsVersion="4.0" xmlns="http://schemas.microsoft.com/developer/msbuild/2003">
  <ItemGroup>
    <Filter Include="Data">
      <UniqueIdentifier>{57b5c483-ab88-4dde-a472-dcb9c85292cd}</UniqueIdentifier>
    </Filter>
    <Filter Include="Utils">
      <UniqueIdentifier>{0f55c805-fe94-4c24-9ceb-422ba5de8404}</UniqueIdentifier>
    </Filter>
    <Filter Include="Form">
      <UniqueIdentifier>{93995380-89BD-4b04-88EB-625FBE52EBFB}</UniqueIdentifier>
      <Extensions>h;hh;hpp;hxx;h++;hm;inl;inc;ipp;xsd</Extensions>
    </Filter>
    <Filter Include="Models">
      <UniqueIdentifier>{67DA6AB6-F800-4c08-8B7A-83BB121AAD01}</UniqueIdentifier>
      <Extensions>rc;ico;cur;bmp;dlg;rc2;rct;bin;rgs;gif;jpg;jpeg;jpe;resx;tiff;tif;png;wav;mfcribbon-ms</Extensions>
    </Filter>
    <Filter Include="Form\Cpp">
      <UniqueIdentifier>{9b4560cc-d26e-4785-accf-7560eb312e05}</UniqueIdentifier>
    </Filter>
    <Filter Include="Data\images">
      <UniqueIdentifier>{2efb96b2-37db-417f-bf9b-1b08381091ad}</UniqueIdentifier>
    </Filter>
    <Filter Include="Data\files">
      <UniqueIdentifier>{82702df1-e03f-47ef-9b0f-01305f36494a}</UniqueIdentifier>
    </Filter>
  </ItemGroup>
  <ItemGroup>
    <ClCompile Include="HandleFile.cpp">
      <Filter>Utils</Filter>
    </ClCompile>
    <ClCompile Include="Main.cpp" />
    <ClCompile Include="LoadChildForm.cpp">
      <Filter>Utils</Filter>
    </ClCompile>
    <ClCompile Include="AuthForm.cpp">
      <Filter>Form\Cpp</Filter>
    </ClCompile>
    <ClCompile Include="AccountForm.cpp">
      <Filter>Form\Cpp</Filter>
    </ClCompile>
    <ClCompile Include="ForgotPwForm.cpp">
      <Filter>Form\Cpp</Filter>
    </ClCompile>
    <ClCompile Include="HistoryForm.cpp">
      <Filter>Form\Cpp</Filter>
    </ClCompile>
    <ClCompile Include="LoginForm.cpp">
      <Filter>Form\Cpp</Filter>
    </ClCompile>
    <ClCompile Include="MainForm.cpp">
      <Filter>Form\Cpp</Filter>
    </ClCompile>
    <ClCompile Include="SignupForm.cpp">
      <Filter>Form\Cpp</Filter>
    </ClCompile>
    <ClCompile Include="TransferMoneyForm.cpp">
      <Filter>Form\Cpp</Filter>
    </ClCompile>
    <ClCompile Include="WithdrawMoneyForm.cpp">
      <Filter>Form\Cpp</Filter>
    </ClCompile>
    <ClCompile Include="ChangePwForm.cpp">
      <Filter>Form\Cpp</Filter>
    </ClCompile>
    <ClCompile Include="SetPinForm.cpp">
      <Filter>Form\Cpp</Filter>
    </ClCompile>
    <ClCompile Include="Validate.cpp">
      <Filter>Utils</Filter>
    </ClCompile>
    <ClCompile Include="AdminForm.cpp">
      <Filter>Form\Cpp</Filter>
    </ClCompile>
    <ClCompile Include="AdminTransactionForm.cpp">
      <Filter>Form\Cpp</Filter>
    </ClCompile>
    <ClCompile Include="TableUsersForm.cpp">
      <Filter>Form\Cpp</Filter>
    </ClCompile>
    <ClCompile Include="AdminServiceForm.cpp">
      <Filter>Form\Cpp</Filter>
    </ClCompile>
    <ClCompile Include="EditUserForm.cpp">
      <Filter>Form\Cpp</Filter>
    </ClCompile>
  </ItemGroup>
  <ItemGroup>
    <ClInclude Include="HandleFile.h">
      <Filter>Utils</Filter>
    </ClInclude>
    <ClInclude Include="User.h">
      <Filter>Models</Filter>
    </ClInclude>
    <ClInclude Include="MainForm.h">
      <Filter>Form</Filter>
    </ClInclude>
    <ClInclude Include="AccountForm.h">
      <Filter>Form</Filter>
    </ClInclude>
    <ClInclude Include="TransferMoneyForm.h">
      <Filter>Form</Filter>
    </ClInclude>
    <ClInclude Include="WithdrawMoneyForm.h">
      <Filter>Form</Filter>
    </ClInclude>
    <ClInclude Include="HistoryForm.h">
      <Filter>Form</Filter>
    </ClInclude>
    <ClInclude Include="AuthForm.h">
      <Filter>Form</Filter>
    </ClInclude>
    <ClInclude Include="LoginForm.h">
      <Filter>Form</Filter>
    </ClInclude>
    <ClInclude Include="SignupForm.h">
      <Filter>Form</Filter>
    </ClInclude>
    <ClInclude Include="LoadChildForm.h">
      <Filter>Utils</Filter>
    </ClInclude>
    <ClInclude Include="ForgotPwForm.h">
      <Filter>Form</Filter>
    </ClInclude>
    <ClInclude Include="ChangePwForm.h">
      <Filter>Form</Filter>
    </ClInclude>
    <ClInclude Include="SetPinForm.h">
      <Filter>Form</Filter>
    </ClInclude>
    <ClInclude Include="Validate.h">
      <Filter>Utils</Filter>
    </ClInclude>
    <ClInclude Include="GlobalData.h" />
    <ClInclude Include="Transaction.h">
      <Filter>Models</Filter>
    </ClInclude>
    <ClInclude Include="resource.h" />
    <ClInclude Include="AdminForm.h">
      <Filter>Form</Filter>
    </ClInclude>
    <ClInclude Include="TableUsersForm.h">
      <Filter>Form</Filter>
    </ClInclude>
    <ClInclude Include="AdminTransactionForm.h">
      <Filter>Form</Filter>
    </ClInclude>
    <ClInclude Include="AdminServiceForm.h">
      <Filter>Form</Filter>
    </ClInclude>
    <ClInclude Include="EditUserForm.h">
      <Filter>Form</Filter>
    </ClInclude>
  </ItemGroup>
  <ItemGroup>
    <None Include="..\.clang-format" />
  </ItemGroup>
  <ItemGroup>
    <ResourceCompile Include="BankingApp_winform.rc">
      <Filter>Models</Filter>
    </ResourceCompile>
  </ItemGroup>
  <ItemGroup>
    <Image Include="Images\account.png">
      <Filter>Data\images</Filter>
    </Image>
    <Image Include="Images\banking-technology-concept-cropped.png">
      <Filter>Data\images</Filter>
    </Image>
    <Image Include="Images\data-transfe1r.png">
      <Filter>Data\images</Filter>
    </Image>
    <Image Include="Images\history1.png">
      <Filter>Data\images</Filter>
    </Image>
    <Image Include="Images\logout1.png">
      <Filter>Data\images</Filter>
    </Image>
    <Image Include="Images\MESSI.jpg">
      <Filter>Data\images</Filter>
    </Image>
    <Image Include="Images\more1.png">
      <Filter>Data\images</Filter>
    </Image>
    <Image Include="Images\—Pngtree—bank icon logo_15456350.png">
      <Filter>Data\images</Filter>
    </Image>
    <Image Include="Images\withdraw1.png">
      <Filter>Data\images</Filter>
    </Image>
  </ItemGroup>
</Project>